
Microsoft Visual Studio Solution File, Format Version 12.00
# Visual Studio Version 17
VisualStudioVersion = 17.10.35013.160
MinimumVisualStudioVersion = 10.0.40219.1
Project("{8BC9CEB8-8B4A-11D0-8D11-00A0C91BC942}") = "EJ", "EJ\EJ.vcxproj", "{0359B6C6-E4B0-42D1-BB78-3A021D9549B5}"
EndProject
Project("{8BC9CEB8-8B4A-11D0-8D11-00A0C91BC942}") = "EJ_Build_Lib", "EJ_Build_Lib\EJ_Build_Lib.vcxproj", "{B0E8FB80-949C-439D-9609-EF06DA4102D5}"
EndProject
Global
	GlobalSection(SolutionConfigurationPlatforms) = preSolution
		Debug|x64 = Debug|x64
		Debug|x86 = Debug|x86
		Release|x64 = Release|x64
		Release|x86 = Release|x86
	EndGlobalSection
	GlobalSection(ProjectConfigurationPlatforms) = postSolution
		{0359B6C6-E4B0-42D1-BB78-3A021D9549B5}.Debug|x64.ActiveCfg = Debug|x64
		{0359B6C6-E4B0-42D1-BB78-3A021D9549B5}.Debug|x64.Build.0 = Debug|x64
		{0359B6C6-E4B0-42D1-BB78-3A021D9549B5}.Debug|x86.ActiveCfg = Debug|Win32
		{0359B6C6-E4B0-42D1-BB78-3A021D9549B5}.Debug|x86.Build.0 = Debug|Win32
		{0359B6C6-E4B0-42D1-BB78-3A021D9549B5}.Release|x64.ActiveCfg = Release|x64
		{0359B6C6-E4B0-42D1-BB78-3A021D9549B5}.Release|x64.Build.0 = Release|x64
		{0359B6C6-E4B0-42D1-BB78-3A021D9549B5}.Release|x86.ActiveCfg = Release|Win32
		{0359B6C6-E4B0-42D1-BB78-3A021D9549B5}.Release|x86.Build.0 = Release|Win32
		{B0E8FB80-949C-439D-9609-EF06DA4102D5}.Debug|x64.ActiveCfg = Debug|x64
		{B0E8FB80-949C-439D-9609-EF06DA4102D5}.Debug|x64.Build.0 = Debug|x64
		{B0E8FB80-949C-439D-9609-EF06DA4102D5}.Debug|x86.ActiveCfg = Debug|Win32
		{B0E8FB80-949C-439D-9609-EF06DA4102D5}.Debug|x86.Build.0 = Debug|Win32
		{B0E8FB80-949C-439D-9609-EF06DA4102D5}.Release|x64.ActiveCfg = Release|x64
		{B0E8FB80-949C-439D-9609-EF06DA4102D5}.Release|x64.Build.0 = Release|x64
		{B0E8FB80-949C-439D-9609-EF06DA4102D5}.Release|x86.ActiveCfg = Release|Win32
		{B0E8FB80-949C-439D-9609-EF06DA4102D5}.Release|x86.Build.0 = Release|Win32
	EndGlobalSection
	GlobalSection(SolutionProperties) = preSolution
		HideSolutionNode = FALSE
	EndGlobalSection
	GlobalSection(ExtensibilityGlobals) = postSolution
		SolutionGuid = {C1F8515F-3B0B-429D-B33A-6C025B51400A}
	EndGlobalSection
EndGlobal
